// !$*UTF8*$!
{
	archiveVersion = 1;
	classes = {
	};
	objectVersion = 55;
	objects = {

/* Begin PBXBuildFile section */
		2FE925B52885E6F700F274C7 /* WeScan in Frameworks */ = {isa = PBXBuildFile; productRef = 2FE925B42885E6F700F274C7 /* WeScan */; };
		2FE925BA2885E88000F274C7 /* WeScanViewController.swift in Sources */ = {isa = PBXBuildFile; fileRef = 2FE925B92885E88000F274C7 /* WeScanViewController.swift */; };
		2FEEA9502880E3C4006D29B1 /* CityCelebApp.swift in Sources */ = {isa = PBXBuildFile; fileRef = 2FEEA94F2880E3C4006D29B1 /* CityCelebApp.swift */; };
		2FEEA9522880E3C4006D29B1 /* ContentView.swift in Sources */ = {isa = PBXBuildFile; fileRef = 2FEEA9512880E3C4006D29B1 /* ContentView.swift */; };
		2FEEA9542880E3C6006D29B1 /* Assets.xcassets in Resources */ = {isa = PBXBuildFile; fileRef = 2FEEA9532880E3C6006D29B1 /* Assets.xcassets */; };
		2FEEA9572880E3C6006D29B1 /* Preview Assets.xcassets in Resources */ = {isa = PBXBuildFile; fileRef = 2FEEA9562880E3C6006D29B1 /* Preview Assets.xcassets */; };
		2FFA48C228A1E3B300D6791C /* WikipediaKit in Frameworks */ = {isa = PBXBuildFile; productRef = 2FFA48C128A1E3B300D6791C /* WikipediaKit */; };
/* End PBXBuildFile section */

/* Begin PBXFileReference section */
		2FE925B82885E7F800F274C7 /* Info.plist */ = {isa = PBXFileReference; lastKnownFileType = text.plist; path = Info.plist; sourceTree = "<group>"; };
		2FE925B92885E88000F274C7 /* WeScanViewController.swift */ = {isa = PBXFileReference; lastKnownFileType = sourcecode.swift; path = WeScanViewController.swift; sourceTree = "<group>"; };
		2FEEA94C2880E3C4006D29B1 /* CityCeleb.app */ = {isa = PBXFileReference; explicitFileType = wrapper.application; includeInIndex = 0; path = CityCeleb.app; sourceTree = BUILT_PRODUCTS_DIR; };
		2FEEA94F2880E3C4006D29B1 /* CityCelebApp.swift */ = {isa = PBXFileReference; lastKnownFileType = sourcecode.swift; path = CityCelebApp.swift; sourceTree = "<group>"; };
		2FEEA9512880E3C4006D29B1 /* ContentView.swift */ = {isa = PBXFileReference; lastKnownFileType = sourcecode.swift; path = ContentView.swift; sourceTree = "<group>"; };
		2FEEA9532880E3C6006D29B1 /* Assets.xcassets */ = {isa = PBXFileReference; lastKnownFileType = folder.assetcatalog; path = Assets.xcassets; sourceTree = "<group>"; };
		2FEEA9562880E3C6006D29B1 /* Preview Assets.xcassets */ = {isa = PBXFileReference; lastKnownFileType = folder.assetcatalog; path = "Preview Assets.xcassets"; sourceTree = "<group>"; };
/* End PBXFileReference section */

/* Begin PBXFrameworksBuildPhase section */
		2FEEA9492880E3C4006D29B1 /* Frameworks */ = {
			isa = PBXFrameworksBuildPhase;
			buildActionMask = 2147483647;
			files = (
				2FE925B52885E6F700F274C7 /* WeScan in Frameworks */,
				2FFA48C228A1E3B300D6791C /* WikipediaKit in Frameworks */,
			);
			runOnlyForDeploymentPostprocessing = 0;
		};
/* End PBXFrameworksBuildPhase section */

/* Begin PBXGroup section */
		2FEEA9432880E3C4006D29B1 = {
			isa = PBXGroup;
			children = (
				2FEEA94E2880E3C4006D29B1 /* CityCeleb */,
				2FEEA94D2880E3C4006D29B1 /* Products */,
			);
			sourceTree = "<group>";
		};
		2FEEA94D2880E3C4006D29B1 /* Products */ = {
			isa = PBXGroup;
			children = (
				2FEEA94C2880E3C4006D29B1 /* CityCeleb.app */,
			);
			name = Products;
			sourceTree = "<group>";
		};
		2FEEA94E2880E3C4006D29B1 /* CityCeleb */ = {
			isa = PBXGroup;
			children = (
				2FE925B82885E7F800F274C7 /* Info.plist */,
				2FEEA94F2880E3C4006D29B1 /* CityCelebApp.swift */,
				2FEEA9512880E3C4006D29B1 /* ContentView.swift */,
				2FE925B92885E88000F274C7 /* WeScanViewController.swift */,
				2FEEA9532880E3C6006D29B1 /* Assets.xcassets */,
				2FEEA9552880E3C6006D29B1 /* Preview Content */,
			);
			path = CityCeleb;
			sourceTree = "<group>";
		};
		2FEEA9552880E3C6006D29B1 /* Preview Content */ = {
			isa = PBXGroup;
			children = (
				2FEEA9562880E3C6006D29B1 /* Preview Assets.xcassets */,
			);
			path = "Preview Content";
			sourceTree = "<group>";
		};
/* End PBXGroup section */

/* Begin PBXNativeTarget section */
		2FEEA94B2880E3C4006D29B1 /* CityCeleb */ = {
			isa = PBXNativeTarget;
			buildConfigurationList = 2FEEA95A2880E3C6006D29B1 /* Build configuration list for PBXNativeTarget "CityCeleb" */;
			buildPhases = (
				2FEEA9482880E3C4006D29B1 /* Sources */,
				2FEEA9492880E3C4006D29B1 /* Frameworks */,
				2FEEA94A2880E3C4006D29B1 /* Resources */,
			);
			buildRules = (
			);
			dependencies = (
			);
			name = CityCeleb;
			packageProductDependencies = (
				2FE925B42885E6F700F274C7 /* WeScan */,
				2FFA48C128A1E3B300D6791C /* WikipediaKit */,
			);
			productName = CityCeleb;
			productReference = 2FEEA94C2880E3C4006D29B1 /* CityCeleb.app */;
			productType = "com.apple.product-type.application";
		};
/* End PBXNativeTarget section */

/* Begin PBXProject section */
		2FEEA9442880E3C4006D29B1 /* Project object */ = {
			isa = PBXProject;
			attributes = {
				BuildIndependentTargetsInParallel = 1;
				LastSwiftUpdateCheck = 1340;
				LastUpgradeCheck = 1340;
				TargetAttributes = {
					2FEEA94B2880E3C4006D29B1 = {
						CreatedOnToolsVersion = 13.4.1;
					};
				};
			};
			buildConfigurationList = 2FEEA9472880E3C4006D29B1 /* Build configuration list for PBXProject "CityCeleb" */;
			compatibilityVersion = "Xcode 13.0";
			developmentRegion = en;
			hasScannedForEncodings = 0;
			knownRegions = (
				en,
				Base,
			);
			mainGroup = 2FEEA9432880E3C4006D29B1;
			packageReferences = (
				2FE925B32885E6F700F274C7 /* XCRemoteSwiftPackageReference "WeScan" */,
				2FFA48C028A1E3B300D6791C /* XCRemoteSwiftPackageReference "WikipediaKit" */,
			);
			productRefGroup = 2FEEA94D2880E3C4006D29B1 /* Products */;
			projectDirPath = "";
			projectRoot = "";
			targets = (
				2FEEA94B2880E3C4006D29B1 /* CityCeleb */,
			);
		};
/* End PBXProject section */

/* Begin PBXResourcesBuildPhase section */
		2FEEA94A2880E3C4006D29B1 /* Resources */ = {
			isa = PBXResourcesBuildPhase;
			buildActionMask = 2147483647;
			files = (
				2FEEA9572880E3C6006D29B1 /* Preview Assets.xcassets in Resources */,
				2FEEA9542880E3C6006D29B1 /* Assets.xcassets in Resources */,
			);
			runOnlyForDeploymentPostprocessing = 0;
		};
/* End PBXResourcesBuildPhase section */

/* Begin PBXSourcesBuildPhase section */
		2FEEA9482880E3C4006D29B1 /* Sources */ = {
			isa = PBXSourcesBuildPhase;
			buildActionMask = 2147483647;
			files = (
				2FEEA9522880E3C4006D29B1 /* ContentView.swift in Sources */,
				2FE925BA2885E88000F274C7 /* WeScanViewController.swift in Sources */,
				2FEEA9502880E3C4006D29B1 /* CityCelebApp.swift in Sources */,
			);
			runOnlyForDeploymentPostprocessing = 0;
		};
/* End PBXSourcesBuildPhase section */

/* Begin XCBuildConfiguration section */
		2FEEA9582880E3C6006D29B1 /* Debug */ = {
			isa = XCBuildConfiguration;
			buildSettings = {
				ALWAYS_SEARCH_USER_PATHS = NO;
				CLANG_ANALYZER_NONNULL = YES;
				CLANG_ANALYZER_NUMBER_OBJECT_CONVERSION = YES_AGGRESSIVE;
				CLANG_CXX_LANGUAGE_STANDARD = "gnu++17";
				CLANG_ENABLE_MODULES = YES;
				CLANG_ENABLE_OBJC_ARC = YES;
				CLANG_ENABLE_OBJC_WEAK = YES;
				CLANG_WARN_BLOCK_CAPTURE_AUTORELEASING = YES;
				CLANG_WARN_BOOL_CONVERSION = YES;
				CLANG_WARN_COMMA = YES;
				CLANG_WARN_CONSTANT_CONVERSION = YES;
				CLANG_WARN_DEPRECATED_OBJC_IMPLEMENTATIONS = YES;
				CLANG_WARN_DIRECT_OBJC_ISA_USAGE = YES_ERROR;
				CLANG_WARN_DOCUMENTATION_COMMENTS = YES;
				CLANG_WARN_EMPTY_BODY = YES;
				CLANG_WARN_ENUM_CONVERSION = YES;
				CLANG_WARN_INFINITE_RECURSION = YES;
				CLANG_WARN_INT_CONVERSION = YES;
				CLANG_WARN_NON_LITERAL_NULL_CONVERSION = YES;
				CLANG_WARN_OBJC_IMPLICIT_RETAIN_SELF = YES;
				CLANG_WARN_OBJC_LITERAL_CONVERSION = YES;
				CLANG_WARN_OBJC_ROOT_CLASS = YES_ERROR;
				CLANG_WARN_QUOTED_INCLUDE_IN_FRAMEWORK_HEADER = YES;
				CLANG_WARN_RANGE_LOOP_ANALYSIS = YES;
				CLANG_WARN_STRICT_PROTOTYPES = YES;
				CLANG_WARN_SUSPICIOUS_MOVE = YES;
				CLANG_WARN_UNGUARDED_AVAILABILITY = YES_AGGRESSIVE;
				CLANG_WARN_UNREACHABLE_CODE = YES;
				CLANG_WARN__DUPLICATE_METHOD_MATCH = YES;
				COPY_PHASE_STRIP = NO;
				DEBUG_INFORMATION_FORMAT = dwarf;
				ENABLE_STRICT_OBJC_MSGSEND = YES;
				ENABLE_TESTABILITY = YES;
				GCC_C_LANGUAGE_STANDARD = gnu11;
				GCC_DYNAMIC_NO_PIC = NO;
				GCC_NO_COMMON_BLOCKS = YES;
				GCC_OPTIMIZATION_LEVEL = 0;
				GCC_PREPROCESSOR_DEFINITIONS = (
					"DEBUG=1",
					"$(inherited)",
				);
				GCC_WARN_64_TO_32_BIT_CONVERSION = YES;
				GCC_WARN_ABOUT_RETURN_TYPE = YES_ERROR;
				GCC_WARN_UNDECLARED_SELECTOR = YES;
				GCC_WARN_UNINITIALIZED_AUTOS = YES_AGGRESSIVE;
				GCC_WARN_UNUSED_FUNCTION = YES;
				GCC_WARN_UNUSED_VARIABLE = YES;
				IPHONEOS_DEPLOYMENT_TARGET = 15.5;
				MTL_ENABLE_DEBUG_INFO = INCLUDE_SOURCE;
				MTL_FAST_MATH = YES;
				ONLY_ACTIVE_ARCH = YES;
				SDKROOT = iphoneos;
				SWIFT_ACTIVE_COMPILATION_CONDITIONS = DEBUG;
				SWIFT_OPTIMIZATION_LEVEL = "-Onone";
			};
			name = Debug;
		};
		2FEEA9592880E3C6006D29B1 /* Release */ = {
			isa = XCBuildConfiguration;
			buildSettings = {
				ALWAYS_SEARCH_USER_PATHS = NO;
				CLANG_ANALYZER_NONNULL = YES;
				CLANG_ANALYZER_NUMBER_OBJECT_CONVERSION = YES_AGGRESSIVE;
				CLANG_CXX_LANGUAGE_STANDARD = "gnu++17";
				CLANG_ENABLE_MODULES = YES;
				CLANG_ENABLE_OBJC_ARC = YES;
				CLANG_ENABLE_OBJC_WEAK = YES;
				CLANG_WARN_BLOCK_CAPTURE_AUTORELEASING = YES;
				CLANG_WARN_BOOL_CONVERSION = YES;
				CLANG_WARN_COMMA = YES;
				CLANG_WARN_CONSTANT_CONVERSION = YES;
				CLANG_WARN_DEPRECATED_OBJC_IMPLEMENTATIONS = YES;
				CLANG_WARN_DIRECT_OBJC_ISA_USAGE = YES_ERROR;
				CLANG_WARN_DOCUMENTATION_COMMENTS = YES;
				CLANG_WARN_EMPTY_BODY = YES;
				CLANG_WARN_ENUM_CONVERSION = YES;
				CLANG_WARN_INFINITE_RECURSION = YES;
				CLANG_WARN_INT_CONVERSION = YES;
				CLANG_WARN_NON_LITERAL_NULL_CONVERSION = YES;
				CLANG_WARN_OBJC_IMPLICIT_RETAIN_SELF = YES;
				CLANG_WARN_OBJC_LITERAL_CONVERSION = YES;
				CLANG_WARN_OBJC_ROOT_CLASS = YES_ERROR;
				CLANG_WARN_QUOTED_INCLUDE_IN_FRAMEWORK_HEADER = YES;
				CLANG_WARN_RANGE_LOOP_ANALYSIS = YES;
				CLANG_WARN_STRICT_PROTOTYPES = YES;
				CLANG_WARN_SUSPICIOUS_MOVE = YES;
				CLANG_WARN_UNGUARDED_AVAILABILITY = YES_AGGRESSIVE;
				CLANG_WARN_UNREACHABLE_CODE = YES;
				CLANG_WARN__DUPLICATE_METHOD_MATCH = YES;
				COPY_PHASE_STRIP = NO;
				DEBUG_INFORMATION_FORMAT = "dwarf-with-dsym";
				ENABLE_NS_ASSERTIONS = NO;
				ENABLE_STRICT_OBJC_MSGSEND = YES;
				GCC_C_LANGUAGE_STANDARD = gnu11;
				GCC_NO_COMMON_BLOCKS = YES;
				GCC_WARN_64_TO_32_BIT_CONVERSION = YES;
				GCC_WARN_ABOUT_RETURN_TYPE = YES_ERROR;
				GCC_WARN_UNDECLARED_SELECTOR = YES;
				GCC_WARN_UNINITIALIZED_AUTOS = YES_AGGRESSIVE;
				GCC_WARN_UNUSED_FUNCTION = YES;
				GCC_WARN_UNUSED_VARIABLE = YES;
				IPHONEOS_DEPLOYMENT_TARGET = 15.5;
				MTL_ENABLE_DEBUG_INFO = NO;
				MTL_FAST_MATH = YES;
				SDKROOT = iphoneos;
				SWIFT_COMPILATION_MODE = wholemodule;
				SWIFT_OPTIMIZATION_LEVEL = "-O";
				VALIDATE_PRODUCT = YES;
			};
			name = Release;
		};
		2FEEA95B2880E3C6006D29B1 /* Debug */ = {
			isa = XCBuildConfiguration;
			buildSettings = {
				ASSETCATALOG_COMPILER_APPICON_NAME = AppIcon;
				ASSETCATALOG_COMPILER_GLOBAL_ACCENT_COLOR_NAME = AccentColor;
				CODE_SIGN_STYLE = Automatic;
				CURRENT_PROJECT_VERSION = 1;
				DEVELOPMENT_ASSET_PATHS = "\"CityCeleb/Preview Content\"";
				DEVELOPMENT_TEAM = LAFK9574M6;
				ENABLE_PREVIEWS = YES;
				GENERATE_INFOPLIST_FILE = YES;
				INFOPLIST_FILE = CityCeleb/Info.plist;
				INFOPLIST_KEY_LSApplicationCategoryType = "";
				INFOPLIST_KEY_UIApplicationSceneManifest_Generation = YES;
				INFOPLIST_KEY_UIApplicationSupportsIndirectInputEvents = YES;
				INFOPLIST_KEY_UILaunchScreen_Generation = YES;
				INFOPLIST_KEY_UISupportedInterfaceOrientations_iPad = "UIInterfaceOrientationPortrait UIInterfaceOrientationPortraitUpsideDown UIInterfaceOrientationLandscapeLeft UIInterfaceOrientationLandscapeRight";
				INFOPLIST_KEY_UISupportedInterfaceOrientations_iPhone = "UIInterfaceOrientationPortrait UIInterfaceOrientationLandscapeLeft UIInterfaceOrientationLandscapeRight";
				LD_RUNPATH_SEARCH_PATHS = (
					"$(inherited)",
					"@executable_path/Frameworks",
				);
				MARKETING_VERSION = 1.0;
				PRODUCT_BUNDLE_IDENTIFIER = com.seyfulmuluk.CityCeleb;
				PRODUCT_NAME = "$(TARGET_NAME)";
				SWIFT_EMIT_LOC_STRINGS = YES;
				SWIFT_VERSION = 5.0;
				TARGETED_DEVICE_FAMILY = "1,2";
			};
			name = Debug;
		};
		2FEEA95C2880E3C6006D29B1 /* Release */ = {
			isa = XCBuildConfiguration;
			buildSettings = {
				ASSETCATALOG_COMPILER_APPICON_NAME = AppIcon;
				ASSETCATALOG_COMPILER_GLOBAL_ACCENT_COLOR_NAME = AccentColor;
				CODE_SIGN_STYLE = Automatic;
				CURRENT_PROJECT_VERSION = 1;
				DEVELOPMENT_ASSET_PATHS = "\"CityCeleb/Preview Content\"";
				DEVELOPMENT_TEAM = LAFK9574M6;
				ENABLE_PREVIEWS = YES;
				GENERATE_INFOPLIST_FILE = YES;
				INFOPLIST_FILE = CityCeleb/Info.plist;
				INFOPLIST_KEY_LSApplicationCategoryType = "";
				INFOPLIST_KEY_UIApplicationSceneManifest_Generation = YES;
				INFOPLIST_KEY_UIApplicationSupportsIndirectInputEvents = YES;
				INFOPLIST_KEY_UILaunchScreen_Generation = YES;
				INFOPLIST_KEY_UISupportedInterfaceOrientations_iPad = "UIInterfaceOrientationPortrait UIInterfaceOrientationPortraitUpsideDown UIInterfaceOrientationLandscapeLeft UIInterfaceOrientationLandscapeRight";
				INFOPLIST_KEY_UISupportedInterfaceOrientations_iPhone = "UIInterfaceOrientationPortrait UIInterfaceOrientationLandscapeLeft UIInterfaceOrientationLandscapeRight";
				LD_RUNPATH_SEARCH_PATHS = (
					"$(inherited)",
					"@executable_path/Frameworks",
				);
				MARKETING_VERSION = 1.0;
				PRODUCT_BUNDLE_IDENTIFIER = com.seyfulmuluk.CityCeleb;
				PRODUCT_NAME = "$(TARGET_NAME)";
				SWIFT_EMIT_LOC_STRINGS = YES;
				SWIFT_VERSION = 5.0;
				TARGETED_DEVICE_FAMILY = "1,2";
			};
			name = Release;
		};
/* End XCBuildConfiguration section */

/* Begin XCConfigurationList section */
		2FEEA9472880E3C4006D29B1 /* Build configuration list for PBXProject "CityCeleb" */ = {
			isa = XCConfigurationList;
			buildConfigurations = (
				2FEEA9582880E3C6006D29B1 /* Debug */,
				2FEEA9592880E3C6006D29B1 /* Release */,
			);
			defaultConfigurationIsVisible = 0;
			defaultConfigurationName = Release;
		};
		2FEEA95A2880E3C6006D29B1 /* Build configuration list for PBXNativeTarget "CityCeleb" */ = {
			isa = XCConfigurationList;
			buildConfigurations = (
				2FEEA95B2880E3C6006D29B1 /* Debug */,
				2FEEA95C2880E3C6006D29B1 /* Release */,
			);
			defaultConfigurationIsVisible = 0;
			defaultConfigurationName = Release;
		};
/* End XCConfigurationList section */

/* Begin XCRemoteSwiftPackageReference section */
		2FE925B32885E6F700F274C7 /* XCRemoteSwiftPackageReference "WeScan" */ = {
			isa = XCRemoteSwiftPackageReference;
			repositoryURL = "https://github.com/WeTransfer/WeScan.git";
			requirement = {
				kind = upToNextMajorVersion;
				minimumVersion = 1.0.0;
			};
		};
		2FFA48C028A1E3B300D6791C /* XCRemoteSwiftPackageReference "WikipediaKit" */ = {
			isa = XCRemoteSwiftPackageReference;
			repositoryURL = "https://github.com/Raureif/WikipediaKit";
			requirement = {
				branch = main;
				kind = branch;
			};
		};
/* End XCRemoteSwiftPackageReference section */

/* Begin XCSwiftPackageProductDependency section */
		2FE925B42885E6F700F274C7 /* WeScan */ = {
			isa = XCSwiftPackageProductDependency;
			package = 2FE925B32885E6F700F274C7 /* XCRemoteSwiftPackageReference "WeScan" */;
			productName = WeScan;
		};
		2FFA48C128A1E3B300D6791C /* WikipediaKit */ = {
			isa = XCSwiftPackageProductDependency;
			package = 2FFA48C028A1E3B300D6791C /* XCRemoteSwiftPackageReference "WikipediaKit" */;
			productName = WikipediaKit;
		};
/* End XCSwiftPackageProductDependency section */
	};
	rootObject = 2FEEA9442880E3C4006D29B1 /* Project object */;
}
