{
  "pins" : [
    {
      "identity" : "wescan",
      "kind" : "remoteSourceControl",
      "location" : "https://github.com/WeTransfer/WeScan.git",
      "state" : {
        "revision" : "9787c79729823928277f02fb9c7cbb88d87926cd",
        "version" : "1.8.1"
      }
    },
    {
      "identity" : "wikipediakit",
      "kind" : "remoteSourceControl",
      "location" : "https://github.com/Raureif/WikipediaKit",
      "state" : {
        "branch" : "main",
        "revision" : "09538e1383017e50a2a940ebc72d0c62c8b4488c"
      }
    }
  ],
  "version" : 2
}
