{
  "pins" : [
    {
      "identity" : "wikipediakit",
      "kind" : "remoteSourceControl",
      "location" : "https://github.com/Raureif/WikipediaKit",
      "state" : {
        "branch" : "main",
        "revision" : "09538e1383017e50a2a940ebc72d0c62c8b4488c"
      }
    }
  ],
  "version" : 2
}
